
Microsoft Visual Studio Solution File, Format Version 12.00
# Visual Studio Version 17
VisualStudioVersion = 17.5.2.0
MinimumVisualStudioVersion = 10.0.40219.1
Project("{FAE04EC0-301F-11D3-BF4B-00C04F79EFBC}") = "AwardSystemAPI.Presentation", "AwardSystemAPI.Presentation\AwardSystemAPI.Presentation.csproj", "{92F56195-FE33-36F3-3C8B-600E0551C038}"
EndProject
Project("{FAE04EC0-301F-11D3-BF4B-00C04F79EFBC}") = "AwardSystemAPI.Application", "AwardSystemAPI.Application\AwardSystemAPI.Application.csproj", "{22914D13-FC47-4EE0-8311-1028795897F6}"
EndProject
Project("{FAE04EC0-301F-11D3-BF4B-00C04F79EFBC}") = "AwardSystemAPI.Infrastructure", "AwardSystemAPI.Infrastructure\AwardSystemAPI.Infrastructure.csproj", "{94B7A9B7-1A9B-4A46-B18B-DC9B7AA8173A}"
EndProject
Project("{FAE04EC0-301F-11D3-BF4B-00C04F79EFBC}") = "AwardSystemAPI.Domain", "AwardSystemAPI.Domain\AwardSystemAPI.Domain.csproj", "{1836884F-F671-4DB7-ADDC-EF37B6C22C9B}"
EndProject
Global
	GlobalSection(SolutionConfigurationPlatforms) = preSolution
		Debug|Any CPU = Debug|Any CPU
		Debug|x64 = Debug|x64
		Debug|x86 = Debug|x86
		Release|Any CPU = Release|Any CPU
		Release|x64 = Release|x64
		Release|x86 = Release|x86
	EndGlobalSection
	GlobalSection(ProjectConfigurationPlatforms) = postSolution
		{92F56195-FE33-36F3-3C8B-600E0551C038}.Debug|Any CPU.ActiveCfg = Debug|Any CPU
		{92F56195-FE33-36F3-3C8B-600E0551C038}.Debug|Any CPU.Build.0 = Debug|Any CPU
		{92F56195-FE33-36F3-3C8B-600E0551C038}.Debug|x64.ActiveCfg = Debug|Any CPU
		{92F56195-FE33-36F3-3C8B-600E0551C038}.Debug|x64.Build.0 = Debug|Any CPU
		{92F56195-FE33-36F3-3C8B-600E0551C038}.Debug|x86.ActiveCfg = Debug|Any CPU
		{92F56195-FE33-36F3-3C8B-600E0551C038}.Debug|x86.Build.0 = Debug|Any CPU
		{92F56195-FE33-36F3-3C8B-600E0551C038}.Release|Any CPU.ActiveCfg = Release|Any CPU
		{92F56195-FE33-36F3-3C8B-600E0551C038}.Release|Any CPU.Build.0 = Release|Any CPU
		{92F56195-FE33-36F3-3C8B-600E0551C038}.Release|x64.ActiveCfg = Release|Any CPU
		{92F56195-FE33-36F3-3C8B-600E0551C038}.Release|x64.Build.0 = Release|Any CPU
		{92F56195-FE33-36F3-3C8B-600E0551C038}.Release|x86.ActiveCfg = Release|Any CPU
		{92F56195-FE33-36F3-3C8B-600E0551C038}.Release|x86.Build.0 = Release|Any CPU
		{22914D13-FC47-4EE0-8311-1028795897F6}.Debug|Any CPU.ActiveCfg = Debug|Any CPU
		{22914D13-FC47-4EE0-8311-1028795897F6}.Debug|Any CPU.Build.0 = Debug|Any CPU
		{22914D13-FC47-4EE0-8311-1028795897F6}.Debug|x64.ActiveCfg = Debug|Any CPU
		{22914D13-FC47-4EE0-8311-1028795897F6}.Debug|x64.Build.0 = Debug|Any CPU
		{22914D13-FC47-4EE0-8311-1028795897F6}.Debug|x86.ActiveCfg = Debug|Any CPU
		{22914D13-FC47-4EE0-8311-1028795897F6}.Debug|x86.Build.0 = Debug|Any CPU
		{22914D13-FC47-4EE0-8311-1028795897F6}.Release|Any CPU.ActiveCfg = Release|Any CPU
		{22914D13-FC47-4EE0-8311-1028795897F6}.Release|Any CPU.Build.0 = Release|Any CPU
		{22914D13-FC47-4EE0-8311-1028795897F6}.Release|x64.ActiveCfg = Release|Any CPU
		{22914D13-FC47-4EE0-8311-1028795897F6}.Release|x64.Build.0 = Release|Any CPU
		{22914D13-FC47-4EE0-8311-1028795897F6}.Release|x86.ActiveCfg = Release|Any CPU
		{22914D13-FC47-4EE0-8311-1028795897F6}.Release|x86.Build.0 = Release|Any CPU
		{94B7A9B7-1A9B-4A46-B18B-DC9B7AA8173A}.Debug|Any CPU.ActiveCfg = Debug|Any CPU
		{94B7A9B7-1A9B-4A46-B18B-DC9B7AA8173A}.Debug|Any CPU.Build.0 = Debug|Any CPU
		{94B7A9B7-1A9B-4A46-B18B-DC9B7AA8173A}.Debug|x64.ActiveCfg = Debug|Any CPU
		{94B7A9B7-1A9B-4A46-B18B-DC9B7AA8173A}.Debug|x64.Build.0 = Debug|Any CPU
		{94B7A9B7-1A9B-4A46-B18B-DC9B7AA8173A}.Debug|x86.ActiveCfg = Debug|Any CPU
		{94B7A9B7-1A9B-4A46-B18B-DC9B7AA8173A}.Debug|x86.Build.0 = Debug|Any CPU
		{94B7A9B7-1A9B-4A46-B18B-DC9B7AA8173A}.Release|Any CPU.ActiveCfg = Release|Any CPU
		{94B7A9B7-1A9B-4A46-B18B-DC9B7AA8173A}.Release|Any CPU.Build.0 = Release|Any CPU
		{94B7A9B7-1A9B-4A46-B18B-DC9B7AA8173A}.Release|x64.ActiveCfg = Release|Any CPU
		{94B7A9B7-1A9B-4A46-B18B-DC9B7AA8173A}.Release|x64.Build.0 = Release|Any CPU
		{94B7A9B7-1A9B-4A46-B18B-DC9B7AA8173A}.Release|x86.ActiveCfg = Release|Any CPU
		{94B7A9B7-1A9B-4A46-B18B-DC9B7AA8173A}.Release|x86.Build.0 = Release|Any CPU
		{1836884F-F671-4DB7-ADDC-EF37B6C22C9B}.Debug|Any CPU.ActiveCfg = Debug|Any CPU
		{1836884F-F671-4DB7-ADDC-EF37B6C22C9B}.Debug|Any CPU.Build.0 = Debug|Any CPU
		{1836884F-F671-4DB7-ADDC-EF37B6C22C9B}.Debug|x64.ActiveCfg = Debug|Any CPU
		{1836884F-F671-4DB7-ADDC-EF37B6C22C9B}.Debug|x64.Build.0 = Debug|Any CPU
		{1836884F-F671-4DB7-ADDC-EF37B6C22C9B}.Debug|x86.ActiveCfg = Debug|Any CPU
		{1836884F-F671-4DB7-ADDC-EF37B6C22C9B}.Debug|x86.Build.0 = Debug|Any CPU
		{1836884F-F671-4DB7-ADDC-EF37B6C22C9B}.Release|Any CPU.ActiveCfg = Release|Any CPU
		{1836884F-F671-4DB7-ADDC-EF37B6C22C9B}.Release|Any CPU.Build.0 = Release|Any CPU
		{1836884F-F671-4DB7-ADDC-EF37B6C22C9B}.Release|x64.ActiveCfg = Release|Any CPU
		{1836884F-F671-4DB7-ADDC-EF37B6C22C9B}.Release|x64.Build.0 = Release|Any CPU
		{1836884F-F671-4DB7-ADDC-EF37B6C22C9B}.Release|x86.ActiveCfg = Release|Any CPU
		{1836884F-F671-4DB7-ADDC-EF37B6C22C9B}.Release|x86.Build.0 = Release|Any CPU
	EndGlobalSection
	GlobalSection(SolutionProperties) = preSolution
		HideSolutionNode = FALSE
	EndGlobalSection
	GlobalSection(NestedProjects) = preSolution
		{92F56195-FE33-36F3-3C8B-600E0551C038} = {C7FBAADB-A4A8-78B7-47F9-FD25697BB121}
		{22914D13-FC47-4EE0-8311-1028795897F6} = {C7FBAADB-A4A8-78B7-47F9-FD25697BB121}
		{94B7A9B7-1A9B-4A46-B18B-DC9B7AA8173A} = {C7FBAADB-A4A8-78B7-47F9-FD25697BB121}
		{1836884F-F671-4DB7-ADDC-EF37B6C22C9B} = {C7FBAADB-A4A8-78B7-47F9-FD25697BB121}
	EndGlobalSection
	GlobalSection(ExtensibilityGlobals) = postSolution
		SolutionGuid = {5ABF2570-E5BD-4431-971D-2760154E75C7}
	EndGlobalSection
EndGlobal
